
Microsoft Visual Studio Solution File, Format Version 12.00
# Visual Studio Version 16
VisualStudioVersion = 16.0.30717.126
MinimumVisualStudioVersion = 10.0.40219.1
Project("{FAE04EC0-301F-11D3-BF4B-00C04F79EFBC}") = "TowerOfHanoiSolution", "TowerOfHanoiSolution\TowerOfHanoiSolution.csproj", "{48FF426B-5367-47BA-980E-6654780B3462}"
EndProject
Global
	GlobalSection(SolutionConfigurationPlatforms) = preSolution
		Debug|Any CPU = Debug|Any CPU
		Release|Any CPU = Release|Any CPU
	EndGlobalSection
	GlobalSection(ProjectConfigurationPlatforms) = postSolution
		{48FF426B-5367-47BA-980E-6654780B3462}.Debug|Any CPU.ActiveCfg = Debug|Any CPU
		{48FF426B-5367-47BA-980E-6654780B3462}.Debug|Any CPU.Build.0 = Debug|Any CPU
		{48FF426B-5367-47BA-980E-6654780B3462}.Release|Any CPU.ActiveCfg = Release|Any CPU
		{48FF426B-5367-47BA-980E-6654780B3462}.Release|Any CPU.Build.0 = Release|Any CPU
	EndGlobalSection
	GlobalSection(SolutionProperties) = preSolution
		HideSolutionNode = FALSE
	EndGlobalSection
	GlobalSection(ExtensibilityGlobals) = postSolution
		SolutionGuid = {0D3EA27E-B874-4B55-9609-4DE8DDF5FE54}
	EndGlobalSection
EndGlobal
